// !$*UTF8*$!
{
	archiveVersion = 1;
	classes = {
	};
	objectVersion = 50;
	objects = {

/* Begin PBXBuildFile section */
		B9C6552120F978A400B8F343 /* AppDelegate.swift in Sources */ = {isa = PBXBuildFile; fileRef = B9C6552020F978A400B8F343 /* AppDelegate.swift */; };
		B9C6552620F978A400B8F343 /* Main.storyboard in Resources */ = {isa = PBXBuildFile; fileRef = B9C6552420F978A400B8F343 /* Main.storyboard */; };
		B9C6552820F978A600B8F343 /* Assets.xcassets in Resources */ = {isa = PBXBuildFile; fileRef = B9C6552720F978A600B8F343 /* Assets.xcassets */; };
		B9C6552B20F978A600B8F343 /* LaunchScreen.storyboard in Resources */ = {isa = PBXBuildFile; fileRef = B9C6552920F978A600B8F343 /* LaunchScreen.storyboard */; };
		B9C6555320F9854000B8F343 /* Property.swift in Sources */ = {isa = PBXBuildFile; fileRef = B9C6555220F9854000B8F343 /* Property.swift */; };
		B9C6555520F987DE00B8F343 /* Default-568h@2x.png in Resources */ = {isa = PBXBuildFile; fileRef = B9C6555420F987DD00B8F343 /* Default-568h@2x.png */; };
		B9C6555720F98AB600B8F343 /* DataService.swift in Sources */ = {isa = PBXBuildFile; fileRef = B9C6555620F98AB600B8F343 /* DataService.swift */; };
		B9C6555920F98AFE00B8F343 /* Agency.swift in Sources */ = {isa = PBXBuildFile; fileRef = B9C6555820F98AFE00B8F343 /* Agency.swift */; };
		B9C6555B20F98B0F00B8F343 /* BrandingColors.swift in Sources */ = {isa = PBXBuildFile; fileRef = B9C6555A20F98B0F00B8F343 /* BrandingColors.swift */; };
		B9C6556020F9C0D500B8F343 /* DataFormat.swift in Sources */ = {isa = PBXBuildFile; fileRef = B9C6555F20F9C0D500B8F343 /* DataFormat.swift */; };
		B9C6556220F9CB5C00B8F343 /* ResultsCVC.swift in Sources */ = {isa = PBXBuildFile; fileRef = B9C6556120F9CB5C00B8F343 /* ResultsCVC.swift */; };
		B9C6556420F9FBD500B8F343 /* PropertyCell.swift in Sources */ = {isa = PBXBuildFile; fileRef = B9C6556320F9FBD500B8F343 /* PropertyCell.swift */; };
		B9C6556620FA0D6800B8F343 /* Extension.swift in Sources */ = {isa = PBXBuildFile; fileRef = B9C6556520FA0D6800B8F343 /* Extension.swift */; };
		B9C6556820FB6D5E00B8F343 /* SavedPropertiesCVC.swift in Sources */ = {isa = PBXBuildFile; fileRef = B9C6556720FB6D5E00B8F343 /* SavedPropertiesCVC.swift */; };
		B9C6556C20FCAFCF00B8F343 /* BrandingColorsTests.swift in Sources */ = {isa = PBXBuildFile; fileRef = B9C6556B20FCAFCF00B8F343 /* BrandingColorsTests.swift */; };
		B9C6556E20FCB24F00B8F343 /* AgencyTests.swift in Sources */ = {isa = PBXBuildFile; fileRef = B9C6556D20FCB24F00B8F343 /* AgencyTests.swift */; };
		B9C6557020FCB67900B8F343 /* PropertyTests.swift in Sources */ = {isa = PBXBuildFile; fileRef = B9C6556F20FCB67900B8F343 /* PropertyTests.swift */; };
		B9C6557220FCB84B00B8F343 /* DataFormatTests.swift in Sources */ = {isa = PBXBuildFile; fileRef = B9C6557120FCB84B00B8F343 /* DataFormatTests.swift */; };
		B9C6557420FCBECB00B8F343 /* DataServiceTests.swift in Sources */ = {isa = PBXBuildFile; fileRef = B9C6557320FCBECB00B8F343 /* DataServiceTests.swift */; };
		B9C6557820FD80F600B8F343 /* REA_UI_DevelopmentUITests.swift in Sources */ = {isa = PBXBuildFile; fileRef = B9C6557720FD80F600B8F343 /* REA_UI_DevelopmentUITests.swift */; };
		B9C6557A20FD903F00B8F343 /* PropertyCellTests.swift in Sources */ = {isa = PBXBuildFile; fileRef = B9C6557920FD903F00B8F343 /* PropertyCellTests.swift */; };
		B9C6557C20FD996600B8F343 /* README.md in Resources */ = {isa = PBXBuildFile; fileRef = B9C6557B20FD996600B8F343 /* README.md */; };
/* End PBXBuildFile section */

/* Begin PBXContainerItemProxy section */
		B9C6553220F978A600B8F343 /* PBXContainerItemProxy */ = {
			isa = PBXContainerItemProxy;
			containerPortal = B9C6551520F978A400B8F343 /* Project object */;
			proxyType = 1;
			remoteGlobalIDString = B9C6551C20F978A400B8F343;
			remoteInfo = REA_UI_Development;
		};
		B9C6553D20F978A600B8F343 /* PBXContainerItemProxy */ = {
			isa = PBXContainerItemProxy;
			containerPortal = B9C6551520F978A400B8F343 /* Project object */;
			proxyType = 1;
			remoteGlobalIDString = B9C6551C20F978A400B8F343;
			remoteInfo = REA_UI_Development;
		};
/* End PBXContainerItemProxy section */

/* Begin PBXFileReference section */
		B9C6551D20F978A400B8F343 /* REA_UI_Development.app */ = {isa = PBXFileReference; explicitFileType = wrapper.application; includeInIndex = 0; path = REA_UI_Development.app; sourceTree = BUILT_PRODUCTS_DIR; };
		B9C6552020F978A400B8F343 /* AppDelegate.swift */ = {isa = PBXFileReference; lastKnownFileType = sourcecode.swift; path = AppDelegate.swift; sourceTree = "<group>"; };
		B9C6552520F978A400B8F343 /* Base */ = {isa = PBXFileReference; lastKnownFileType = file.storyboard; name = Base; path = Base.lproj/Main.storyboard; sourceTree = "<group>"; };
		B9C6552720F978A600B8F343 /* Assets.xcassets */ = {isa = PBXFileReference; lastKnownFileType = folder.assetcatalog; path = Assets.xcassets; sourceTree = "<group>"; };
		B9C6552A20F978A600B8F343 /* Base */ = {isa = PBXFileReference; lastKnownFileType = file.storyboard; name = Base; path = Base.lproj/LaunchScreen.storyboard; sourceTree = "<group>"; };
		B9C6552C20F978A600B8F343 /* Info.plist */ = {isa = PBXFileReference; lastKnownFileType = text.plist.xml; path = Info.plist; sourceTree = "<group>"; };
		B9C6553120F978A600B8F343 /* REA_UI_DevelopmentTests.xctest */ = {isa = PBXFileReference; explicitFileType = wrapper.cfbundle; includeInIndex = 0; path = REA_UI_DevelopmentTests.xctest; sourceTree = BUILT_PRODUCTS_DIR; };
		B9C6553720F978A600B8F343 /* Info.plist */ = {isa = PBXFileReference; lastKnownFileType = text.plist.xml; path = Info.plist; sourceTree = "<group>"; };
		B9C6553C20F978A600B8F343 /* REA_UI_DevelopmentUITests.xctest */ = {isa = PBXFileReference; explicitFileType = wrapper.cfbundle; includeInIndex = 0; path = REA_UI_DevelopmentUITests.xctest; sourceTree = BUILT_PRODUCTS_DIR; };
		B9C6554220F978A600B8F343 /* Info.plist */ = {isa = PBXFileReference; lastKnownFileType = text.plist.xml; path = Info.plist; sourceTree = "<group>"; };
		B9C6555220F9854000B8F343 /* Property.swift */ = {isa = PBXFileReference; lastKnownFileType = sourcecode.swift; path = Property.swift; sourceTree = "<group>"; };
		B9C6555420F987DD00B8F343 /* Default-568h@2x.png */ = {isa = PBXFileReference; lastKnownFileType = image.png; path = "Default-568h@2x.png"; sourceTree = "<group>"; };
		B9C6555620F98AB600B8F343 /* DataService.swift */ = {isa = PBXFileReference; lastKnownFileType = sourcecode.swift; path = DataService.swift; sourceTree = "<group>"; };
		B9C6555820F98AFE00B8F343 /* Agency.swift */ = {isa = PBXFileReference; lastKnownFileType = sourcecode.swift; path = Agency.swift; sourceTree = "<group>"; };
		B9C6555A20F98B0F00B8F343 /* BrandingColors.swift */ = {isa = PBXFileReference; lastKnownFileType = sourcecode.swift; path = BrandingColors.swift; sourceTree = "<group>"; };
		B9C6555F20F9C0D500B8F343 /* DataFormat.swift */ = {isa = PBXFileReference; lastKnownFileType = sourcecode.swift; path = DataFormat.swift; sourceTree = "<group>"; };
		B9C6556120F9CB5C00B8F343 /* ResultsCVC.swift */ = {isa = PBXFileReference; lastKnownFileType = sourcecode.swift; path = ResultsCVC.swift; sourceTree = "<group>"; };
		B9C6556320F9FBD500B8F343 /* PropertyCell.swift */ = {isa = PBXFileReference; lastKnownFileType = sourcecode.swift; path = PropertyCell.swift; sourceTree = "<group>"; };
		B9C6556520FA0D6800B8F343 /* Extension.swift */ = {isa = PBXFileReference; lastKnownFileType = sourcecode.swift; path = Extension.swift; sourceTree = "<group>"; };
		B9C6556720FB6D5E00B8F343 /* SavedPropertiesCVC.swift */ = {isa = PBXFileReference; lastKnownFileType = sourcecode.swift; path = SavedPropertiesCVC.swift; sourceTree = "<group>"; };
		B9C6556B20FCAFCF00B8F343 /* BrandingColorsTests.swift */ = {isa = PBXFileReference; lastKnownFileType = sourcecode.swift; path = BrandingColorsTests.swift; sourceTree = "<group>"; };
		B9C6556D20FCB24F00B8F343 /* AgencyTests.swift */ = {isa = PBXFileReference; lastKnownFileType = sourcecode.swift; path = AgencyTests.swift; sourceTree = "<group>"; };
		B9C6556F20FCB67900B8F343 /* PropertyTests.swift */ = {isa = PBXFileReference; lastKnownFileType = sourcecode.swift; path = PropertyTests.swift; sourceTree = "<group>"; };
		B9C6557120FCB84B00B8F343 /* DataFormatTests.swift */ = {isa = PBXFileReference; lastKnownFileType = sourcecode.swift; path = DataFormatTests.swift; sourceTree = "<group>"; };
		B9C6557320FCBECB00B8F343 /* DataServiceTests.swift */ = {isa = PBXFileReference; lastKnownFileType = sourcecode.swift; path = DataServiceTests.swift; sourceTree = "<group>"; };
		B9C6557720FD80F600B8F343 /* REA_UI_DevelopmentUITests.swift */ = {isa = PBXFileReference; lastKnownFileType = sourcecode.swift; path = REA_UI_DevelopmentUITests.swift; sourceTree = "<group>"; };
		B9C6557920FD903F00B8F343 /* PropertyCellTests.swift */ = {isa = PBXFileReference; lastKnownFileType = sourcecode.swift; path = PropertyCellTests.swift; sourceTree = "<group>"; };
		B9C6557B20FD996600B8F343 /* README.md */ = {isa = PBXFileReference; lastKnownFileType = net.daringfireball.markdown; path = README.md; sourceTree = "<group>"; };
/* End PBXFileReference section */

/* Begin PBXFrameworksBuildPhase section */
		B9C6551A20F978A400B8F343 /* Frameworks */ = {
			isa = PBXFrameworksBuildPhase;
			buildActionMask = 2147483647;
			files = (
			);
			runOnlyForDeploymentPostprocessing = 0;
		};
		B9C6552E20F978A600B8F343 /* Frameworks */ = {
			isa = PBXFrameworksBuildPhase;
			buildActionMask = 2147483647;
			files = (
			);
			runOnlyForDeploymentPostprocessing = 0;
		};
		B9C6553920F978A600B8F343 /* Frameworks */ = {
			isa = PBXFrameworksBuildPhase;
			buildActionMask = 2147483647;
			files = (
			);
			runOnlyForDeploymentPostprocessing = 0;
		};
/* End PBXFrameworksBuildPhase section */

/* Begin PBXGroup section */
		B9C6551420F978A400B8F343 = {
			isa = PBXGroup;
			children = (
				B9C6557B20FD996600B8F343 /* README.md */,
				B9C6551F20F978A400B8F343 /* REA_UI_Development */,
				B9C6553420F978A600B8F343 /* REA_UI_DevelopmentTests */,
				B9C6553F20F978A600B8F343 /* REA_UI_DevelopmentUITests */,
				B9C6551E20F978A400B8F343 /* Products */,
			);
			sourceTree = "<group>";
		};
		B9C6551E20F978A400B8F343 /* Products */ = {
			isa = PBXGroup;
			children = (
				B9C6551D20F978A400B8F343 /* REA_UI_Development.app */,
				B9C6553120F978A600B8F343 /* REA_UI_DevelopmentTests.xctest */,
				B9C6553C20F978A600B8F343 /* REA_UI_DevelopmentUITests.xctest */,
			);
			name = Products;
			sourceTree = "<group>";
		};
		B9C6551F20F978A400B8F343 /* REA_UI_Development */ = {
			isa = PBXGroup;
			children = (
				B9C6552C20F978A600B8F343 /* Info.plist */,
				B9C6554E20F9835B00B8F343 /* Models */,
				B9C6555120F9846700B8F343 /* Views */,
				B9C6555020F9843200B8F343 /* Controller */,
				B9C6554F20F983C200B8F343 /* SupportFiles */,
			);
			path = REA_UI_Development;
			sourceTree = "<group>";
		};
		B9C6553420F978A600B8F343 /* REA_UI_DevelopmentTests */ = {
			isa = PBXGroup;
			children = (
				B9C6553720F978A600B8F343 /* Info.plist */,
				B9C6556B20FCAFCF00B8F343 /* BrandingColorsTests.swift */,
				B9C6556D20FCB24F00B8F343 /* AgencyTests.swift */,
				B9C6556F20FCB67900B8F343 /* PropertyTests.swift */,
				B9C6557120FCB84B00B8F343 /* DataFormatTests.swift */,
				B9C6557320FCBECB00B8F343 /* DataServiceTests.swift */,
				B9C6557920FD903F00B8F343 /* PropertyCellTests.swift */,
			);
			path = REA_UI_DevelopmentTests;
			sourceTree = "<group>";
		};
		B9C6553F20F978A600B8F343 /* REA_UI_DevelopmentUITests */ = {
			isa = PBXGroup;
			children = (
				B9C6554220F978A600B8F343 /* Info.plist */,
				B9C6557720FD80F600B8F343 /* REA_UI_DevelopmentUITests.swift */,
			);
			path = REA_UI_DevelopmentUITests;
			sourceTree = "<group>";
		};
		B9C6554E20F9835B00B8F343 /* Models */ = {
			isa = PBXGroup;
			children = (
				B9C6555A20F98B0F00B8F343 /* BrandingColors.swift */,
				B9C6555820F98AFE00B8F343 /* Agency.swift */,
				B9C6555220F9854000B8F343 /* Property.swift */,
				B9C6555F20F9C0D500B8F343 /* DataFormat.swift */,
				B9C6555620F98AB600B8F343 /* DataService.swift */,
			);
			path = Models;
			sourceTree = "<group>";
		};
		B9C6554F20F983C200B8F343 /* SupportFiles */ = {
			isa = PBXGroup;
			children = (
				B9C6555420F987DD00B8F343 /* Default-568h@2x.png */,
				B9C6552020F978A400B8F343 /* AppDelegate.swift */,
				B9C6552720F978A600B8F343 /* Assets.xcassets */,
				B9C6556520FA0D6800B8F343 /* Extension.swift */,
			);
			path = SupportFiles;
			sourceTree = "<group>";
		};
		B9C6555020F9843200B8F343 /* Controller */ = {
			isa = PBXGroup;
			children = (
				B9C6556120F9CB5C00B8F343 /* ResultsCVC.swift */,
				B9C6556720FB6D5E00B8F343 /* SavedPropertiesCVC.swift */,
				B9C6556320F9FBD500B8F343 /* PropertyCell.swift */,
			);
			path = Controller;
			sourceTree = "<group>";
		};
		B9C6555120F9846700B8F343 /* Views */ = {
			isa = PBXGroup;
			children = (
				B9C6552920F978A600B8F343 /* LaunchScreen.storyboard */,
				B9C6552420F978A400B8F343 /* Main.storyboard */,
			);
			path = Views;
			sourceTree = "<group>";
		};
/* End PBXGroup section */

/* Begin PBXNativeTarget section */
		B9C6551C20F978A400B8F343 /* REA_UI_Development */ = {
			isa = PBXNativeTarget;
			buildConfigurationList = B9C6554520F978A600B8F343 /* Build configuration list for PBXNativeTarget "REA_UI_Development" */;
			buildPhases = (
				B9C6551920F978A400B8F343 /* Sources */,
				B9C6551A20F978A400B8F343 /* Frameworks */,
				B9C6551B20F978A400B8F343 /* Resources */,
			);
			buildRules = (
			);
			dependencies = (
			);
			name = REA_UI_Development;
			productName = REA_UI_Development;
			productReference = B9C6551D20F978A400B8F343 /* REA_UI_Development.app */;
			productType = "com.apple.product-type.application";
		};
		B9C6553020F978A600B8F343 /* REA_UI_DevelopmentTests */ = {
			isa = PBXNativeTarget;
			buildConfigurationList = B9C6554820F978A600B8F343 /* Build configuration list for PBXNativeTarget "REA_UI_DevelopmentTests" */;
			buildPhases = (
				B9C6552D20F978A600B8F343 /* Sources */,
				B9C6552E20F978A600B8F343 /* Frameworks */,
				B9C6552F20F978A600B8F343 /* Resources */,
			);
			buildRules = (
			);
			dependencies = (
				B9C6553320F978A600B8F343 /* PBXTargetDependency */,
			);
			name = REA_UI_DevelopmentTests;
			productName = REA_UI_DevelopmentTests;
			productReference = B9C6553120F978A600B8F343 /* REA_UI_DevelopmentTests.xctest */;
			productType = "com.apple.product-type.bundle.unit-test";
		};
		B9C6553B20F978A600B8F343 /* REA_UI_DevelopmentUITests */ = {
			isa = PBXNativeTarget;
			buildConfigurationList = B9C6554B20F978A600B8F343 /* Build configuration list for PBXNativeTarget "REA_UI_DevelopmentUITests" */;
			buildPhases = (
				B9C6553820F978A600B8F343 /* Sources */,
				B9C6553920F978A600B8F343 /* Frameworks */,
				B9C6553A20F978A600B8F343 /* Resources */,
			);
			buildRules = (
			);
			dependencies = (
				B9C6553E20F978A600B8F343 /* PBXTargetDependency */,
			);
			name = REA_UI_DevelopmentUITests;
			productName = REA_UI_DevelopmentUITests;
			productReference = B9C6553C20F978A600B8F343 /* REA_UI_DevelopmentUITests.xctest */;
			productType = "com.apple.product-type.bundle.ui-testing";
		};
/* End PBXNativeTarget section */

/* Begin PBXProject section */
		B9C6551520F978A400B8F343 /* Project object */ = {
			isa = PBXProject;
			attributes = {
				LastSwiftUpdateCheck = 0940;
				LastUpgradeCheck = 0940;
				ORGANIZATIONNAME = 8184;
				TargetAttributes = {
					B9C6551C20F978A400B8F343 = {
						CreatedOnToolsVersion = 9.4.1;
					};
					B9C6553020F978A600B8F343 = {
						CreatedOnToolsVersion = 9.4.1;
						TestTargetID = B9C6551C20F978A400B8F343;
					};
					B9C6553B20F978A600B8F343 = {
						CreatedOnToolsVersion = 9.4.1;
						TestTargetID = B9C6551C20F978A400B8F343;
					};
				};
			};
			buildConfigurationList = B9C6551820F978A400B8F343 /* Build configuration list for PBXProject "REA_UI_Development" */;
			compatibilityVersion = "Xcode 9.3";
			developmentRegion = en;
			hasScannedForEncodings = 0;
			knownRegions = (
				en,
				Base,
			);
			mainGroup = B9C6551420F978A400B8F343;
			productRefGroup = B9C6551E20F978A400B8F343 /* Products */;
			projectDirPath = "";
			projectRoot = "";
			targets = (
				B9C6551C20F978A400B8F343 /* REA_UI_Development */,
				B9C6553020F978A600B8F343 /* REA_UI_DevelopmentTests */,
				B9C6553B20F978A600B8F343 /* REA_UI_DevelopmentUITests */,
			);
		};
/* End PBXProject section */

/* Begin PBXResourcesBuildPhase section */
		B9C6551B20F978A400B8F343 /* Resources */ = {
			isa = PBXResourcesBuildPhase;
			buildActionMask = 2147483647;
			files = (
				B9C6552B20F978A600B8F343 /* LaunchScreen.storyboard in Resources */,
				B9C6555520F987DE00B8F343 /* Default-568h@2x.png in Resources */,
				B9C6557C20FD996600B8F343 /* README.md in Resources */,
				B9C6552820F978A600B8F343 /* Assets.xcassets in Resources */,
				B9C6552620F978A400B8F343 /* Main.storyboard in Resources */,
			);
			runOnlyForDeploymentPostprocessing = 0;
		};
		B9C6552F20F978A600B8F343 /* Resources */ = {
			isa = PBXResourcesBuildPhase;
			buildActionMask = 2147483647;
			files = (
			);
			runOnlyForDeploymentPostprocessing = 0;
		};
		B9C6553A20F978A600B8F343 /* Resources */ = {
			isa = PBXResourcesBuildPhase;
			buildActionMask = 2147483647;
			files = (
			);
			runOnlyForDeploymentPostprocessing = 0;
		};
/* End PBXResourcesBuildPhase section */

/* Begin PBXSourcesBuildPhase section */
		B9C6551920F978A400B8F343 /* Sources */ = {
			isa = PBXSourcesBuildPhase;
			buildActionMask = 2147483647;
			files = (
				B9C6556620FA0D6800B8F343 /* Extension.swift in Sources */,
				B9C6555320F9854000B8F343 /* Property.swift in Sources */,
				B9C6556220F9CB5C00B8F343 /* ResultsCVC.swift in Sources */,
				B9C6552120F978A400B8F343 /* AppDelegate.swift in Sources */,
				B9C6555920F98AFE00B8F343 /* Agency.swift in Sources */,
				B9C6556020F9C0D500B8F343 /* DataFormat.swift in Sources */,
				B9C6555B20F98B0F00B8F343 /* BrandingColors.swift in Sources */,
				B9C6556820FB6D5E00B8F343 /* SavedPropertiesCVC.swift in Sources */,
				B9C6556420F9FBD500B8F343 /* PropertyCell.swift in Sources */,
				B9C6555720F98AB600B8F343 /* DataService.swift in Sources */,
			);
			runOnlyForDeploymentPostprocessing = 0;
		};
		B9C6552D20F978A600B8F343 /* Sources */ = {
			isa = PBXSourcesBuildPhase;
			buildActionMask = 2147483647;
			files = (
				B9C6556C20FCAFCF00B8F343 /* BrandingColorsTests.swift in Sources */,
				B9C6557220FCB84B00B8F343 /* DataFormatTests.swift in Sources */,
				B9C6557A20FD903F00B8F343 /* PropertyCellTests.swift in Sources */,
				B9C6556E20FCB24F00B8F343 /* AgencyTests.swift in Sources */,
				B9C6557420FCBECB00B8F343 /* DataServiceTests.swift in Sources */,
				B9C6557020FCB67900B8F343 /* PropertyTests.swift in Sources */,
			);
			runOnlyForDeploymentPostprocessing = 0;
		};
		B9C6553820F978A600B8F343 /* Sources */ = {
			isa = PBXSourcesBuildPhase;
			buildActionMask = 2147483647;
			files = (
				B9C6557820FD80F600B8F343 /* REA_UI_DevelopmentUITests.swift in Sources */,
			);
			runOnlyForDeploymentPostprocessing = 0;
		};
/* End PBXSourcesBuildPhase section */

/* Begin PBXTargetDependency section */
		B9C6553320F978A600B8F343 /* PBXTargetDependency */ = {
			isa = PBXTargetDependency;
			target = B9C6551C20F978A400B8F343 /* REA_UI_Development */;
			targetProxy = B9C6553220F978A600B8F343 /* PBXContainerItemProxy */;
		};
		B9C6553E20F978A600B8F343 /* PBXTargetDependency */ = {
			isa = PBXTargetDependency;
			target = B9C6551C20F978A400B8F343 /* REA_UI_Development */;
			targetProxy = B9C6553D20F978A600B8F343 /* PBXContainerItemProxy */;
		};
/* End PBXTargetDependency section */

/* Begin PBXVariantGroup section */
		B9C6552420F978A400B8F343 /* Main.storyboard */ = {
			isa = PBXVariantGroup;
			children = (
				B9C6552520F978A400B8F343 /* Base */,
			);
			name = Main.storyboard;
			sourceTree = "<group>";
		};
		B9C6552920F978A600B8F343 /* LaunchScreen.storyboard */ = {
			isa = PBXVariantGroup;
			children = (
				B9C6552A20F978A600B8F343 /* Base */,
			);
			name = LaunchScreen.storyboard;
			sourceTree = "<group>";
		};
/* End PBXVariantGroup section */

/* Begin XCBuildConfiguration section */
		B9C6554320F978A600B8F343 /* Debug */ = {
			isa = XCBuildConfiguration;
			buildSettings = {
				ALWAYS_SEARCH_USER_PATHS = NO;
				CLANG_ANALYZER_NONNULL = YES;
				CLANG_ANALYZER_NUMBER_OBJECT_CONVERSION = YES_AGGRESSIVE;
				CLANG_CXX_LANGUAGE_STANDARD = "gnu++14";
				CLANG_CXX_LIBRARY = "libc++";
				CLANG_ENABLE_MODULES = YES;
				CLANG_ENABLE_OBJC_ARC = YES;
				CLANG_ENABLE_OBJC_WEAK = YES;
				CLANG_WARN_BLOCK_CAPTURE_AUTORELEASING = YES;
				CLANG_WARN_BOOL_CONVERSION = YES;
				CLANG_WARN_COMMA = YES;
				CLANG_WARN_CONSTANT_CONVERSION = YES;
				CLANG_WARN_DEPRECATED_OBJC_IMPLEMENTATIONS = YES;
				CLANG_WARN_DIRECT_OBJC_ISA_USAGE = YES_ERROR;
				CLANG_WARN_DOCUMENTATION_COMMENTS = YES;
				CLANG_WARN_EMPTY_BODY = YES;
				CLANG_WARN_ENUM_CONVERSION = YES;
				CLANG_WARN_INFINITE_RECURSION = YES;
				CLANG_WARN_INT_CONVERSION = YES;
				CLANG_WARN_NON_LITERAL_NULL_CONVERSION = YES;
				CLANG_WARN_OBJC_IMPLICIT_RETAIN_SELF = YES;
				CLANG_WARN_OBJC_LITERAL_CONVERSION = YES;
				CLANG_WARN_OBJC_ROOT_CLASS = YES_ERROR;
				CLANG_WARN_RANGE_LOOP_ANALYSIS = YES;
				CLANG_WARN_STRICT_PROTOTYPES = YES;
				CLANG_WARN_SUSPICIOUS_MOVE = YES;
				CLANG_WARN_UNGUARDED_AVAILABILITY = YES_AGGRESSIVE;
				CLANG_WARN_UNREACHABLE_CODE = YES;
				CLANG_WARN__DUPLICATE_METHOD_MATCH = YES;
				CODE_SIGN_IDENTITY = "iPhone Developer";
				COPY_PHASE_STRIP = NO;
				DEBUG_INFORMATION_FORMAT = dwarf;
				ENABLE_STRICT_OBJC_MSGSEND = YES;
				ENABLE_TESTABILITY = YES;
				GCC_C_LANGUAGE_STANDARD = gnu11;
				GCC_DYNAMIC_NO_PIC = NO;
				GCC_NO_COMMON_BLOCKS = YES;
				GCC_OPTIMIZATION_LEVEL = 0;
				GCC_PREPROCESSOR_DEFINITIONS = (
					"DEBUG=1",
					"$(inherited)",
				);
				GCC_WARN_64_TO_32_BIT_CONVERSION = YES;
				GCC_WARN_ABOUT_RETURN_TYPE = YES_ERROR;
				GCC_WARN_UNDECLARED_SELECTOR = YES;
				GCC_WARN_UNINITIALIZED_AUTOS = YES_AGGRESSIVE;
				GCC_WARN_UNUSED_FUNCTION = YES;
				GCC_WARN_UNUSED_VARIABLE = YES;
				IPHONEOS_DEPLOYMENT_TARGET = 11.4;
				MTL_ENABLE_DEBUG_INFO = YES;
				ONLY_ACTIVE_ARCH = YES;
				SDKROOT = iphoneos;
				SWIFT_ACTIVE_COMPILATION_CONDITIONS = DEBUG;
				SWIFT_OPTIMIZATION_LEVEL = "-Onone";
			};
			name = Debug;
		};
		B9C6554420F978A600B8F343 /* Release */ = {
			isa = XCBuildConfiguration;
			buildSettings = {
				ALWAYS_SEARCH_USER_PATHS = NO;
				CLANG_ANALYZER_NONNULL = YES;
				CLANG_ANALYZER_NUMBER_OBJECT_CONVERSION = YES_AGGRESSIVE;
				CLANG_CXX_LANGUAGE_STANDARD = "gnu++14";
				CLANG_CXX_LIBRARY = "libc++";
				CLANG_ENABLE_MODULES = YES;
				CLANG_ENABLE_OBJC_ARC = YES;
				CLANG_ENABLE_OBJC_WEAK = YES;
				CLANG_WARN_BLOCK_CAPTURE_AUTORELEASING = YES;
				CLANG_WARN_BOOL_CONVERSION = YES;
				CLANG_WARN_COMMA = YES;
				CLANG_WARN_CONSTANT_CONVERSION = YES;
				CLANG_WARN_DEPRECATED_OBJC_IMPLEMENTATIONS = YES;
				CLANG_WARN_DIRECT_OBJC_ISA_USAGE = YES_ERROR;
				CLANG_WARN_DOCUMENTATION_COMMENTS = YES;
				CLANG_WARN_EMPTY_BODY = YES;
				CLANG_WARN_ENUM_CONVERSION = YES;
				CLANG_WARN_INFINITE_RECURSION = YES;
				CLANG_WARN_INT_CONVERSION = YES;
				CLANG_WARN_NON_LITERAL_NULL_CONVERSION = YES;
				CLANG_WARN_OBJC_IMPLICIT_RETAIN_SELF = YES;
				CLANG_WARN_OBJC_LITERAL_CONVERSION = YES;
				CLANG_WARN_OBJC_ROOT_CLASS = YES_ERROR;
				CLANG_WARN_RANGE_LOOP_ANALYSIS = YES;
				CLANG_WARN_STRICT_PROTOTYPES = YES;
				CLANG_WARN_SUSPICIOUS_MOVE = YES;
				CLANG_WARN_UNGUARDED_AVAILABILITY = YES_AGGRESSIVE;
				CLANG_WARN_UNREACHABLE_CODE = YES;
				CLANG_WARN__DUPLICATE_METHOD_MATCH = YES;
				CODE_SIGN_IDENTITY = "iPhone Developer";
				COPY_PHASE_STRIP = NO;
				DEBUG_INFORMATION_FORMAT = "dwarf-with-dsym";
				ENABLE_NS_ASSERTIONS = NO;
				ENABLE_STRICT_OBJC_MSGSEND = YES;
				GCC_C_LANGUAGE_STANDARD = gnu11;
				GCC_NO_COMMON_BLOCKS = YES;
				GCC_WARN_64_TO_32_BIT_CONVERSION = YES;
				GCC_WARN_ABOUT_RETURN_TYPE = YES_ERROR;
				GCC_WARN_UNDECLARED_SELECTOR = YES;
				GCC_WARN_UNINITIALIZED_AUTOS = YES_AGGRESSIVE;
				GCC_WARN_UNUSED_FUNCTION = YES;
				GCC_WARN_UNUSED_VARIABLE = YES;
				IPHONEOS_DEPLOYMENT_TARGET = 11.4;
				MTL_ENABLE_DEBUG_INFO = NO;
				SDKROOT = iphoneos;
				SWIFT_COMPILATION_MODE = wholemodule;
				SWIFT_OPTIMIZATION_LEVEL = "-O";
				VALIDATE_PRODUCT = YES;
			};
			name = Release;
		};
		B9C6554620F978A600B8F343 /* Debug */ = {
			isa = XCBuildConfiguration;
			buildSettings = {
				ASSETCATALOG_COMPILER_APPICON_NAME = AppIcon;
				CODE_SIGN_STYLE = Automatic;
				DEVELOPMENT_TEAM = 369K897P5N;
				INFOPLIST_FILE = REA_UI_Development/Info.plist;
				LD_RUNPATH_SEARCH_PATHS = (
					"$(inherited)",
					"@executable_path/Frameworks",
				);
				PRODUCT_BUNDLE_IDENTIFIER = "fanwu8184.REA-UI-Development";
				PRODUCT_NAME = "$(TARGET_NAME)";
				SWIFT_VERSION = 4.0;
				TARGETED_DEVICE_FAMILY = "1,2";
			};
			name = Debug;
		};
		B9C6554720F978A600B8F343 /* Release */ = {
			isa = XCBuildConfiguration;
			buildSettings = {
				ASSETCATALOG_COMPILER_APPICON_NAME = AppIcon;
				CODE_SIGN_STYLE = Automatic;
				DEVELOPMENT_TEAM = 369K897P5N;
				INFOPLIST_FILE = REA_UI_Development/Info.plist;
				LD_RUNPATH_SEARCH_PATHS = (
					"$(inherited)",
					"@executable_path/Frameworks",
				);
				PRODUCT_BUNDLE_IDENTIFIER = "fanwu8184.REA-UI-Development";
				PRODUCT_NAME = "$(TARGET_NAME)";
				SWIFT_VERSION = 4.0;
				TARGETED_DEVICE_FAMILY = "1,2";
			};
			name = Release;
		};
		B9C6554920F978A600B8F343 /* Debug */ = {
			isa = XCBuildConfiguration;
			buildSettings = {
				ALWAYS_EMBED_SWIFT_STANDARD_LIBRARIES = YES;
				BUNDLE_LOADER = "$(TEST_HOST)";
				CODE_SIGN_STYLE = Automatic;
				DEVELOPMENT_TEAM = TTRAQ9ZN2S;
				INFOPLIST_FILE = REA_UI_DevelopmentTests/Info.plist;
				LD_RUNPATH_SEARCH_PATHS = (
					"$(inherited)",
					"@executable_path/Frameworks",
					"@loader_path/Frameworks",
				);
				PRODUCT_BUNDLE_IDENTIFIER = "fanwu8184.REA-UI-DevelopmentTests";
				PRODUCT_NAME = "$(TARGET_NAME)";
				SWIFT_VERSION = 4.0;
				TARGETED_DEVICE_FAMILY = "1,2";
				TEST_HOST = "$(BUILT_PRODUCTS_DIR)/REA_UI_Development.app/REA_UI_Development";
			};
			name = Debug;
		};
		B9C6554A20F978A600B8F343 /* Release */ = {
			isa = XCBuildConfiguration;
			buildSettings = {
				ALWAYS_EMBED_SWIFT_STANDARD_LIBRARIES = YES;
				BUNDLE_LOADER = "$(TEST_HOST)";
				CODE_SIGN_STYLE = Automatic;
				DEVELOPMENT_TEAM = TTRAQ9ZN2S;
				INFOPLIST_FILE = REA_UI_DevelopmentTests/Info.plist;
				LD_RUNPATH_SEARCH_PATHS = (
					"$(inherited)",
					"@executable_path/Frameworks",
					"@loader_path/Frameworks",
				);
				PRODUCT_BUNDLE_IDENTIFIER = "fanwu8184.REA-UI-DevelopmentTests";
				PRODUCT_NAME = "$(TARGET_NAME)";
				SWIFT_VERSION = 4.0;
				TARGETED_DEVICE_FAMILY = "1,2";
				TEST_HOST = "$(BUILT_PRODUCTS_DIR)/REA_UI_Development.app/REA_UI_Development";
			};
			name = Release;
		};
		B9C6554C20F978A600B8F343 /* Debug */ = {
			isa = XCBuildConfiguration;
			buildSettings = {
				ALWAYS_EMBED_SWIFT_STANDARD_LIBRARIES = YES;
				CODE_SIGN_STYLE = Automatic;
				DEVELOPMENT_TEAM = TTRAQ9ZN2S;
				INFOPLIST_FILE = REA_UI_DevelopmentUITests/Info.plist;
				LD_RUNPATH_SEARCH_PATHS = (
					"$(inherited)",
					"@executable_path/Frameworks",
					"@loader_path/Frameworks",
				);
				PRODUCT_BUNDLE_IDENTIFIER = "fanwu8184.REA-UI-DevelopmentUITests";
				PRODUCT_NAME = "$(TARGET_NAME)";
				SWIFT_VERSION = 4.0;
				TARGETED_DEVICE_FAMILY = "1,2";
				TEST_TARGET_NAME = REA_UI_Development;
			};
			name = Debug;
		};
		B9C6554D20F978A600B8F343 /* Release */ = {
			isa = XCBuildConfiguration;
			buildSettings = {
				ALWAYS_EMBED_SWIFT_STANDARD_LIBRARIES = YES;
				CODE_SIGN_STYLE = Automatic;
				DEVELOPMENT_TEAM = TTRAQ9ZN2S;
				INFOPLIST_FILE = REA_UI_DevelopmentUITests/Info.plist;
				LD_RUNPATH_SEARCH_PATHS = (
					"$(inherited)",
					"@executable_path/Frameworks",
					"@loader_path/Frameworks",
				);
				PRODUCT_BUNDLE_IDENTIFIER = "fanwu8184.REA-UI-DevelopmentUITests";
				PRODUCT_NAME = "$(TARGET_NAME)";
				SWIFT_VERSION = 4.0;
				TARGETED_DEVICE_FAMILY = "1,2";
				TEST_TARGET_NAME = REA_UI_Development;
			};
			name = Release;
		};
/* End XCBuildConfiguration section */

/* Begin XCConfigurationList section */
		B9C6551820F978A400B8F343 /* Build configuration list for PBXProject "REA_UI_Development" */ = {
			isa = XCConfigurationList;
			buildConfigurations = (
				B9C6554320F978A600B8F343 /* Debug */,
				B9C6554420F978A600B8F343 /* Release */,
			);
			defaultConfigurationIsVisible = 0;
			defaultConfigurationName = Release;
		};
		B9C6554520F978A600B8F343 /* Build configuration list for PBXNativeTarget "REA_UI_Development" */ = {
			isa = XCConfigurationList;
			buildConfigurations = (
				B9C6554620F978A600B8F343 /* Debug */,
				B9C6554720F978A600B8F343 /* Release */,
			);
			defaultConfigurationIsVisible = 0;
			defaultConfigurationName = Release;
		};
		B9C6554820F978A600B8F343 /* Build configuration list for PBXNativeTarget "REA_UI_DevelopmentTests" */ = {
			isa = XCConfigurationList;
			buildConfigurations = (
				B9C6554920F978A600B8F343 /* Debug */,
				B9C6554A20F978A600B8F343 /* Release */,
			);
			defaultConfigurationIsVisible = 0;
			defaultConfigurationName = Release;
		};
		B9C6554B20F978A600B8F343 /* Build configuration list for PBXNativeTarget "REA_UI_DevelopmentUITests" */ = {
			isa = XCConfigurationList;
			buildConfigurations = (
				B9C6554C20F978A600B8F343 /* Debug */,
				B9C6554D20F978A600B8F343 /* Release */,
			);
			defaultConfigurationIsVisible = 0;
			defaultConfigurationName = Release;
		};
/* End XCConfigurationList section */
	};
	rootObject = B9C6551520F978A400B8F343 /* Project object */;
}
